{
  "name": "subspace-js-node-example",
  "version": "0.1.0",
  "lockfileVersion": 2,
  "requires": true,
  "packages": {
    "": {
      "name": "subspace-js-node-example",
      "version": "0.1.0",
      "dependencies": {
        "subspace.js": "file:../../../subspace.js"
      },
      "devDependencies": {
        "@types/node": "^16.11.9",
        "typescript": "^4.4.2"
      }
    },
    "../..": {
      "version": "1.0.0",
      "license": "Apache 2.0",
      "dependencies": {
        "@polkadot/api": "6.9.2",
        "@polkadot/extension-dapp": "^0.41.1",
        "@polkadot/types": "6.9.2",
        "@polkadot/ui-keyring": "^0.86.7",
        "@polkadot/util": "^7.9.2",
        "@polkadot/util-crypto": "^7.9.2"
      },
      "devDependencies": {
        "typescript": "^4.4.2"
      }
    },
    "../../../../subspace.js": {
      "extraneous": true
    },
    "../subspace.js": {
      "extraneous": true
    },
    "node_modules/@types/node": {
      "version": "16.11.10",
      "resolved": "https://registry.npmjs.org/@types/node/-/node-16.11.10.tgz",
      "integrity": "sha512-3aRnHa1KlOEEhJ6+CvyHKK5vE9BcLGjtUpwvqYLRvYNQKMfabu3BwfJaA/SLW8dxe28LsNDjtHwePTuzn3gmOA==",
      "dev": true
    },
    "node_modules/subspace.js": {
      "resolved": "../..",
      "link": true
    },
    "node_modules/typescript": {
      "version": "4.5.2",
      "resolved": "https://registry.npmjs.org/typescript/-/typescript-4.5.2.tgz",
      "integrity": "sha512-5BlMof9H1yGt0P8/WF+wPNw6GfctgGjXp5hkblpyT+8rkASSmkUKMXrxR0Xg8ThVCi/JnHQiKXeBaEwCeQwMFw==",
      "dev": true,
      "bin": {
        "tsc": "bin/tsc",
        "tsserver": "bin/tsserver"
      },
      "engines": {
        "node": ">=4.2.0"
      }
    },
    "subspace.js": {
      "extraneous": true
    }
  },
  "dependencies": {
    "@types/node": {
      "version": "16.11.10",
      "resolved": "https://registry.npmjs.org/@types/node/-/node-16.11.10.tgz",
      "integrity": "sha512-3aRnHa1KlOEEhJ6+CvyHKK5vE9BcLGjtUpwvqYLRvYNQKMfabu3BwfJaA/SLW8dxe28LsNDjtHwePTuzn3gmOA==",
      "dev": true
    },
    "subspace.js": {
      "version": "file:../..",
      "requires": {
        "@polkadot/api": "6.9.2",
        "@polkadot/extension-dapp": "^0.41.1",
        "@polkadot/types": "6.9.2",
        "@polkadot/ui-keyring": "^0.86.7",
        "@polkadot/util": "^7.9.2",
        "@polkadot/util-crypto": "^7.9.2",
        "typescript": "^4.4.2"
      }
    },
    "typescript": {
      "version": "4.5.2",
      "resolved": "https://registry.npmjs.org/typescript/-/typescript-4.5.2.tgz",
      "integrity": "sha512-5BlMof9H1yGt0P8/WF+wPNw6GfctgGjXp5hkblpyT+8rkASSmkUKMXrxR0Xg8ThVCi/JnHQiKXeBaEwCeQwMFw==",
      "dev": true
    }
  }
}
